
Microsoft Visual Studio Solution File, Format Version 12.00
# Visual Studio Version 16
VisualStudioVersion = 16.0.31829.152
MinimumVisualStudioVersion = 10.0.40219.1
Project("{FAE04EC0-301F-11D3-BF4B-00C04F79EFBC}") = "VarDemo", "VarDemo\VarDemo.csproj", "{C3201EB1-885E-4EFE-968A-6CFD731EBF01}"
EndProject
Global
	GlobalSection(SolutionConfigurationPlatforms) = preSolution
		Debug|Any CPU = Debug|Any CPU
		Release|Any CPU = Release|Any CPU
	EndGlobalSection
	GlobalSection(ProjectConfigurationPlatforms) = postSolution
		{C3201EB1-885E-4EFE-968A-6CFD731EBF01}.Debug|Any CPU.ActiveCfg = Debug|Any CPU
		{C3201EB1-885E-4EFE-968A-6CFD731EBF01}.Debug|Any CPU.Build.0 = Debug|Any CPU
		{C3201EB1-885E-4EFE-968A-6CFD731EBF01}.Release|Any CPU.ActiveCfg = Release|Any CPU
		{C3201EB1-885E-4EFE-968A-6CFD731EBF01}.Release|Any CPU.Build.0 = Release|Any CPU
	EndGlobalSection
	GlobalSection(SolutionProperties) = preSolution
		HideSolutionNode = FALSE
	EndGlobalSection
	GlobalSection(ExtensibilityGlobals) = postSolution
		SolutionGuid = {DC6C7420-DCB9-4400-BD85-008589D8C67F}
	EndGlobalSection
EndGlobal
